
Microsoft Visual Studio Solution File, Format Version 12.00
# Visual Studio Version 17
VisualStudioVersion = 17.11.35312.102
MinimumVisualStudioVersion = 10.0.40219.1
Project("{9A19103F-16F7-4668-BE54-9A1E7A4F7556}") = "Tyuiu.StrekalovRA.Sprint5.Task0.V9", "Tyuiu.StrekalovRA.Sprint5.Task0.V9\Tyuiu.StrekalovRA.Sprint5.Task0.V9.csproj", "{4C629E7B-A72C-421E-B6A4-10C6C3E4305B}"
EndProject
Project("{9A19103F-16F7-4668-BE54-9A1E7A4F7556}") = "Tyuiu.StrekalovRA.Sprint5.Task0.V9.Lib", "Tyuiu.StrekalovRA.Sprint5.Task0.V9.Lib\Tyuiu.StrekalovRA.Sprint5.Task0.V9.Lib.csproj", "{E0024395-6546-4466-AE8D-184DFBB5EDF7}"
EndProject
Project("{9A19103F-16F7-4668-BE54-9A1E7A4F7556}") = "Tyuiu.StrekalovRA.Sprint5.Task0.V9.Test", "Tyuiu.StrekalovRA.Sprint5.Task0.V9.Test\Tyuiu.StrekalovRA.Sprint5.Task0.V9.Test.csproj", "{D881CCE7-6993-4BEF-80D5-5CF24BA2248F}"
EndProject
Project("{2150E333-8FDC-42A3-9474-1A3956D46DE8}") = "TASK_0", "TASK_0", "{D00740CD-E0ED-4F35-B6C7-453C329680FB}"
EndProject
Project("{2150E333-8FDC-42A3-9474-1A3956D46DE8}") = "TASK_1", "TASK_1", "{B92CFC3D-C94D-4FB9-8008-F21AEC2EEE21}"
EndProject
Project("{FAE04EC0-301F-11D3-BF4B-00C04F79EFBC}") = "Tyuiu.StrekalovRA.Sprint5.Task1.V14", "Tyuiu.StrekalovRA.Sprint5.Task1.V14\Tyuiu.StrekalovRA.Sprint5.Task1.V14.csproj", "{EC8389F5-5F97-494C-97B0-D1E23328DFB1}"
EndProject
Project("{FAE04EC0-301F-11D3-BF4B-00C04F79EFBC}") = "Tyuiu.StrekalovRA.Sprint5.Task1.V14.Lib", "Tyuiu.StrekalovRA.Sprint5.Task1.V14.Lib\Tyuiu.StrekalovRA.Sprint5.Task1.V14.Lib.csproj", "{EE986F5E-4596-4F18-8D2E-344DF3895452}"
EndProject
Project("{FAE04EC0-301F-11D3-BF4B-00C04F79EFBC}") = "Tyuiu.StrekalovRA.Sprint5.Task1.V14.Test", "Tyuiu.StrekalovRA.Sprint5.Task1.V14.Test\Tyuiu.StrekalovRA.Sprint5.Task1.V14.Test.csproj", "{753F0CCF-14DB-46BB-B5AE-EB8433DD3791}"
EndProject
Project("{FAE04EC0-301F-11D3-BF4B-00C04F79EFBC}") = "Tyuiu.StrekalovRA.Sprint5.Task2.V2", "Tyuiu.StrekalovRA.Sprint5.Task2.V2\Tyuiu.StrekalovRA.Sprint5.Task2.V2.csproj", "{FCF7DA50-482A-4CDB-890F-DF14D14639FD}"
EndProject
Project("{FAE04EC0-301F-11D3-BF4B-00C04F79EFBC}") = "Tyuiu.StrekalovRA.Sprint5.Task2.V2.Lib", "Tyuiu.StrekalovRA.Sprint5.Task2.V2.Lib\Tyuiu.StrekalovRA.Sprint5.Task2.V2.Lib.csproj", "{F431BFCF-657F-4A7F-AD99-59E9662E8558}"
EndProject
Project("{FAE04EC0-301F-11D3-BF4B-00C04F79EFBC}") = "Tyuiu.StrekalovRA.Sprint5.Task2.V2.Test", "Tyuiu.StrekalovRA.Sprint5.Task2.V2.Test\Tyuiu.StrekalovRA.Sprint5.Task2.V2.Test.csproj", "{08A2DC65-A349-45D0-BC32-46F10CF202FB}"
EndProject
Project("{2150E333-8FDC-42A3-9474-1A3956D46DE8}") = "TASK_2", "TASK_2", "{7C705784-C410-4E4A-B6E8-1A8B9EAE62D1}"
EndProject
Project("{2150E333-8FDC-42A3-9474-1A3956D46DE8}") = "TASK_3", "TASK_3", "{1A3CFD1E-0FFA-4F98-98FE-4ADF55982441}"
EndProject
Project("{FAE04EC0-301F-11D3-BF4B-00C04F79EFBC}") = "Tyuiu.StrekalovRA.Sprint5.Task3.V25.Lib", "Tyuiu.StrekalovRA.Sprint5.Task3.V25.Lib\Tyuiu.StrekalovRA.Sprint5.Task3.V25.Lib.csproj", "{F3770CAE-7C83-4457-8B82-36E8799CCEF5}"
EndProject
Project("{FAE04EC0-301F-11D3-BF4B-00C04F79EFBC}") = "Tyuiu.StrekalovRA.Sprint5.Task3.V25", "Tyuiu.StrekalovRA.Sprint5.Task3.V25\Tyuiu.StrekalovRA.Sprint5.Task3.V25.csproj", "{D77AED4D-2067-421F-9A11-839B97BA0CC6}"
EndProject
Project("{FAE04EC0-301F-11D3-BF4B-00C04F79EFBC}") = "Tyuiu.StrekalovRA.Sprint5.Task3.V25.Test", "Tyuiu.StrekalovRA.Sprint5.Task3.V25.Test\Tyuiu.StrekalovRA.Sprint5.Task3.V25.Test.csproj", "{82B09CBF-4806-457D-8385-AE525140D722}"
EndProject
Project("{2150E333-8FDC-42A3-9474-1A3956D46DE8}") = "TASK_4", "TASK_4", "{6152C8CB-EB45-4A56-90AD-90B1F8D09327}"
EndProject
Project("{FAE04EC0-301F-11D3-BF4B-00C04F79EFBC}") = "Tyuiu.StrekalovRA.Sprint5.Task4.V25", "Tyuiu.StrekalovRA.Sprint5.Task4.V25\Tyuiu.StrekalovRA.Sprint5.Task4.V25.csproj", "{D353EEA4-A625-48F2-959F-339827167705}"
EndProject
Project("{FAE04EC0-301F-11D3-BF4B-00C04F79EFBC}") = "Tyuiu.StrekalovRA.Sprint5.Task4.V25.Lib", "Tyuiu.StrekalovRA.Sprint5.Task4.V25.Lib\Tyuiu.StrekalovRA.Sprint5.Task4.V25.Lib.csproj", "{A2864964-9AA7-4B23-802D-165D836A5A8A}"
EndProject
Project("{FAE04EC0-301F-11D3-BF4B-00C04F79EFBC}") = "Tyuiu.StrekalovRA.Sprint5.Task4.V25.Test", "Tyuiu.StrekalovRA.Sprint5.Task4.V25.Test\Tyuiu.StrekalovRA.Sprint5.Task4.V25.Test.csproj", "{DEC5AC10-C196-4BD8-999A-A6F532B3C7CF}"
EndProject
Project("{2150E333-8FDC-42A3-9474-1A3956D46DE8}") = "TASK_5", "TASK_5", "{AAAEA9EC-ED72-4618-AA1A-7B4BF09512D1}"
EndProject
Project("{FAE04EC0-301F-11D3-BF4B-00C04F79EFBC}") = "Tyuiu.StrekalovRA.Sprint5.Task5.V11", "Tyuiu.StrekalovRA.Sprint5.Task5.V11\Tyuiu.StrekalovRA.Sprint5.Task5.V11.csproj", "{81838FF6-6F76-44FD-9AF5-445ACAD411DE}"
EndProject
Project("{FAE04EC0-301F-11D3-BF4B-00C04F79EFBC}") = "Tyuiu.StrekalovRA.Sprint5.Task5.V11.Lib", "Tyuiu.StrekalovRA.Sprint5.Task5.V11.Lib\Tyuiu.StrekalovRA.Sprint5.Task5.V11.Lib.csproj", "{8A8ACABC-B63C-4D73-BB7B-13D86D85F419}"
EndProject
Project("{FAE04EC0-301F-11D3-BF4B-00C04F79EFBC}") = "Tyuiu.StrekalovRA.Sprint5.Task5.V11.Test", "Tyuiu.StrekalovRA.Sprint5.Task5.V11.Test\Tyuiu.StrekalovRA.Sprint5.Task5.V11.Test.csproj", "{AF569F7A-CE4D-46F3-8C70-C504CEDC4027}"
EndProject
Project("{2150E333-8FDC-42A3-9474-1A3956D46DE8}") = "TASK_6", "TASK_6", "{2F95E08E-7E79-4EFA-AB1B-E6E9328933B6}"
EndProject
Project("{FAE04EC0-301F-11D3-BF4B-00C04F79EFBC}") = "Tyuiu.StrekalovRA.Sprint5.Task6.V11", "Tyuiu.StrekalovRA.Sprint5.Task6.V11\Tyuiu.StrekalovRA.Sprint5.Task6.V11.csproj", "{980BBB69-B76C-43C4-8B06-55C0952B8D9F}"
EndProject
Project("{FAE04EC0-301F-11D3-BF4B-00C04F79EFBC}") = "Tyuiu.StrekalovRA.Sprint5.Task6.V11.Lib", "Tyuiu.StrekalovRA.Sprint5.Task6.V11.Lib\Tyuiu.StrekalovRA.Sprint5.Task6.V11.Lib.csproj", "{C3286D6C-D156-41E0-9FB0-D84B7C11DA99}"
EndProject
Project("{FAE04EC0-301F-11D3-BF4B-00C04F79EFBC}") = "Tyuiu.StrekalovRA.Sprint5.Task6.V11.Test", "Tyuiu.StrekalovRA.Sprint5.Task6.V11.Test\Tyuiu.StrekalovRA.Sprint5.Task6.V11.Test.csproj", "{FD5CFDF8-C8B1-48F7-AA29-690892C3F3A6}"
EndProject
Global
	GlobalSection(SolutionConfigurationPlatforms) = preSolution
		Debug|Any CPU = Debug|Any CPU
		Release|Any CPU = Release|Any CPU
	EndGlobalSection
	GlobalSection(ProjectConfigurationPlatforms) = postSolution
		{4C629E7B-A72C-421E-B6A4-10C6C3E4305B}.Debug|Any CPU.ActiveCfg = Debug|Any CPU
		{4C629E7B-A72C-421E-B6A4-10C6C3E4305B}.Debug|Any CPU.Build.0 = Debug|Any CPU
		{4C629E7B-A72C-421E-B6A4-10C6C3E4305B}.Release|Any CPU.ActiveCfg = Release|Any CPU
		{4C629E7B-A72C-421E-B6A4-10C6C3E4305B}.Release|Any CPU.Build.0 = Release|Any CPU
		{E0024395-6546-4466-AE8D-184DFBB5EDF7}.Debug|Any CPU.ActiveCfg = Debug|Any CPU
		{E0024395-6546-4466-AE8D-184DFBB5EDF7}.Debug|Any CPU.Build.0 = Debug|Any CPU
		{E0024395-6546-4466-AE8D-184DFBB5EDF7}.Release|Any CPU.ActiveCfg = Release|Any CPU
		{E0024395-6546-4466-AE8D-184DFBB5EDF7}.Release|Any CPU.Build.0 = Release|Any CPU
		{D881CCE7-6993-4BEF-80D5-5CF24BA2248F}.Debug|Any CPU.ActiveCfg = Debug|Any CPU
		{D881CCE7-6993-4BEF-80D5-5CF24BA2248F}.Debug|Any CPU.Build.0 = Debug|Any CPU
		{D881CCE7-6993-4BEF-80D5-5CF24BA2248F}.Release|Any CPU.ActiveCfg = Release|Any CPU
		{D881CCE7-6993-4BEF-80D5-5CF24BA2248F}.Release|Any CPU.Build.0 = Release|Any CPU
		{EC8389F5-5F97-494C-97B0-D1E23328DFB1}.Debug|Any CPU.ActiveCfg = Debug|Any CPU
		{EC8389F5-5F97-494C-97B0-D1E23328DFB1}.Debug|Any CPU.Build.0 = Debug|Any CPU
		{EC8389F5-5F97-494C-97B0-D1E23328DFB1}.Release|Any CPU.ActiveCfg = Release|Any CPU
		{EC8389F5-5F97-494C-97B0-D1E23328DFB1}.Release|Any CPU.Build.0 = Release|Any CPU
		{EE986F5E-4596-4F18-8D2E-344DF3895452}.Debug|Any CPU.ActiveCfg = Debug|Any CPU
		{EE986F5E-4596-4F18-8D2E-344DF3895452}.Debug|Any CPU.Build.0 = Debug|Any CPU
		{EE986F5E-4596-4F18-8D2E-344DF3895452}.Release|Any CPU.ActiveCfg = Release|Any CPU
		{EE986F5E-4596-4F18-8D2E-344DF3895452}.Release|Any CPU.Build.0 = Release|Any CPU
		{753F0CCF-14DB-46BB-B5AE-EB8433DD3791}.Debug|Any CPU.ActiveCfg = Debug|Any CPU
		{753F0CCF-14DB-46BB-B5AE-EB8433DD3791}.Debug|Any CPU.Build.0 = Debug|Any CPU
		{753F0CCF-14DB-46BB-B5AE-EB8433DD3791}.Release|Any CPU.ActiveCfg = Release|Any CPU
		{753F0CCF-14DB-46BB-B5AE-EB8433DD3791}.Release|Any CPU.Build.0 = Release|Any CPU
		{FCF7DA50-482A-4CDB-890F-DF14D14639FD}.Debug|Any CPU.ActiveCfg = Debug|Any CPU
		{FCF7DA50-482A-4CDB-890F-DF14D14639FD}.Debug|Any CPU.Build.0 = Debug|Any CPU
		{FCF7DA50-482A-4CDB-890F-DF14D14639FD}.Release|Any CPU.ActiveCfg = Release|Any CPU
		{FCF7DA50-482A-4CDB-890F-DF14D14639FD}.Release|Any CPU.Build.0 = Release|Any CPU
		{F431BFCF-657F-4A7F-AD99-59E9662E8558}.Debug|Any CPU.ActiveCfg = Debug|Any CPU
		{F431BFCF-657F-4A7F-AD99-59E9662E8558}.Debug|Any CPU.Build.0 = Debug|Any CPU
		{F431BFCF-657F-4A7F-AD99-59E9662E8558}.Release|Any CPU.ActiveCfg = Release|Any CPU
		{F431BFCF-657F-4A7F-AD99-59E9662E8558}.Release|Any CPU.Build.0 = Release|Any CPU
		{08A2DC65-A349-45D0-BC32-46F10CF202FB}.Debug|Any CPU.ActiveCfg = Debug|Any CPU
		{08A2DC65-A349-45D0-BC32-46F10CF202FB}.Debug|Any CPU.Build.0 = Debug|Any CPU
		{08A2DC65-A349-45D0-BC32-46F10CF202FB}.Release|Any CPU.ActiveCfg = Release|Any CPU
		{08A2DC65-A349-45D0-BC32-46F10CF202FB}.Release|Any CPU.Build.0 = Release|Any CPU
		{F3770CAE-7C83-4457-8B82-36E8799CCEF5}.Debug|Any CPU.ActiveCfg = Debug|Any CPU
		{F3770CAE-7C83-4457-8B82-36E8799CCEF5}.Debug|Any CPU.Build.0 = Debug|Any CPU
		{F3770CAE-7C83-4457-8B82-36E8799CCEF5}.Release|Any CPU.ActiveCfg = Release|Any CPU
		{F3770CAE-7C83-4457-8B82-36E8799CCEF5}.Release|Any CPU.Build.0 = Release|Any CPU
		{D77AED4D-2067-421F-9A11-839B97BA0CC6}.Debug|Any CPU.ActiveCfg = Debug|Any CPU
		{D77AED4D-2067-421F-9A11-839B97BA0CC6}.Debug|Any CPU.Build.0 = Debug|Any CPU
		{D77AED4D-2067-421F-9A11-839B97BA0CC6}.Release|Any CPU.ActiveCfg = Release|Any CPU
		{D77AED4D-2067-421F-9A11-839B97BA0CC6}.Release|Any CPU.Build.0 = Release|Any CPU
		{82B09CBF-4806-457D-8385-AE525140D722}.Debug|Any CPU.ActiveCfg = Debug|Any CPU
		{82B09CBF-4806-457D-8385-AE525140D722}.Debug|Any CPU.Build.0 = Debug|Any CPU
		{82B09CBF-4806-457D-8385-AE525140D722}.Release|Any CPU.ActiveCfg = Release|Any CPU
		{82B09CBF-4806-457D-8385-AE525140D722}.Release|Any CPU.Build.0 = Release|Any CPU
		{D353EEA4-A625-48F2-959F-339827167705}.Debug|Any CPU.ActiveCfg = Debug|Any CPU
		{D353EEA4-A625-48F2-959F-339827167705}.Debug|Any CPU.Build.0 = Debug|Any CPU
		{D353EEA4-A625-48F2-959F-339827167705}.Release|Any CPU.ActiveCfg = Release|Any CPU
		{D353EEA4-A625-48F2-959F-339827167705}.Release|Any CPU.Build.0 = Release|Any CPU
		{A2864964-9AA7-4B23-802D-165D836A5A8A}.Debug|Any CPU.ActiveCfg = Debug|Any CPU
		{A2864964-9AA7-4B23-802D-165D836A5A8A}.Debug|Any CPU.Build.0 = Debug|Any CPU
		{A2864964-9AA7-4B23-802D-165D836A5A8A}.Release|Any CPU.ActiveCfg = Release|Any CPU
		{A2864964-9AA7-4B23-802D-165D836A5A8A}.Release|Any CPU.Build.0 = Release|Any CPU
		{DEC5AC10-C196-4BD8-999A-A6F532B3C7CF}.Debug|Any CPU.ActiveCfg = Debug|Any CPU
		{DEC5AC10-C196-4BD8-999A-A6F532B3C7CF}.Debug|Any CPU.Build.0 = Debug|Any CPU
		{DEC5AC10-C196-4BD8-999A-A6F532B3C7CF}.Release|Any CPU.ActiveCfg = Release|Any CPU
		{DEC5AC10-C196-4BD8-999A-A6F532B3C7CF}.Release|Any CPU.Build.0 = Release|Any CPU
		{81838FF6-6F76-44FD-9AF5-445ACAD411DE}.Debug|Any CPU.ActiveCfg = Debug|Any CPU
		{81838FF6-6F76-44FD-9AF5-445ACAD411DE}.Debug|Any CPU.Build.0 = Debug|Any CPU
		{81838FF6-6F76-44FD-9AF5-445ACAD411DE}.Release|Any CPU.ActiveCfg = Release|Any CPU
		{81838FF6-6F76-44FD-9AF5-445ACAD411DE}.Release|Any CPU.Build.0 = Release|Any CPU
		{8A8ACABC-B63C-4D73-BB7B-13D86D85F419}.Debug|Any CPU.ActiveCfg = Debug|Any CPU
		{8A8ACABC-B63C-4D73-BB7B-13D86D85F419}.Debug|Any CPU.Build.0 = Debug|Any CPU
		{8A8ACABC-B63C-4D73-BB7B-13D86D85F419}.Release|Any CPU.ActiveCfg = Release|Any CPU
		{8A8ACABC-B63C-4D73-BB7B-13D86D85F419}.Release|Any CPU.Build.0 = Release|Any CPU
		{AF569F7A-CE4D-46F3-8C70-C504CEDC4027}.Debug|Any CPU.ActiveCfg = Debug|Any CPU
		{AF569F7A-CE4D-46F3-8C70-C504CEDC4027}.Debug|Any CPU.Build.0 = Debug|Any CPU
		{AF569F7A-CE4D-46F3-8C70-C504CEDC4027}.Release|Any CPU.ActiveCfg = Release|Any CPU
		{AF569F7A-CE4D-46F3-8C70-C504CEDC4027}.Release|Any CPU.Build.0 = Release|Any CPU
		{980BBB69-B76C-43C4-8B06-55C0952B8D9F}.Debug|Any CPU.ActiveCfg = Debug|Any CPU
		{980BBB69-B76C-43C4-8B06-55C0952B8D9F}.Debug|Any CPU.Build.0 = Debug|Any CPU
		{980BBB69-B76C-43C4-8B06-55C0952B8D9F}.Release|Any CPU.ActiveCfg = Release|Any CPU
		{980BBB69-B76C-43C4-8B06-55C0952B8D9F}.Release|Any CPU.Build.0 = Release|Any CPU
		{C3286D6C-D156-41E0-9FB0-D84B7C11DA99}.Debug|Any CPU.ActiveCfg = Debug|Any CPU
		{C3286D6C-D156-41E0-9FB0-D84B7C11DA99}.Debug|Any CPU.Build.0 = Debug|Any CPU
		{C3286D6C-D156-41E0-9FB0-D84B7C11DA99}.Release|Any CPU.ActiveCfg = Release|Any CPU
		{C3286D6C-D156-41E0-9FB0-D84B7C11DA99}.Release|Any CPU.Build.0 = Release|Any CPU
		{FD5CFDF8-C8B1-48F7-AA29-690892C3F3A6}.Debug|Any CPU.ActiveCfg = Debug|Any CPU
		{FD5CFDF8-C8B1-48F7-AA29-690892C3F3A6}.Debug|Any CPU.Build.0 = Debug|Any CPU
		{FD5CFDF8-C8B1-48F7-AA29-690892C3F3A6}.Release|Any CPU.ActiveCfg = Release|Any CPU
		{FD5CFDF8-C8B1-48F7-AA29-690892C3F3A6}.Release|Any CPU.Build.0 = Release|Any CPU
	EndGlobalSection
	GlobalSection(SolutionProperties) = preSolution
		HideSolutionNode = FALSE
	EndGlobalSection
	GlobalSection(NestedProjects) = preSolution
		{4C629E7B-A72C-421E-B6A4-10C6C3E4305B} = {D00740CD-E0ED-4F35-B6C7-453C329680FB}
		{E0024395-6546-4466-AE8D-184DFBB5EDF7} = {D00740CD-E0ED-4F35-B6C7-453C329680FB}
		{D881CCE7-6993-4BEF-80D5-5CF24BA2248F} = {D00740CD-E0ED-4F35-B6C7-453C329680FB}
		{EC8389F5-5F97-494C-97B0-D1E23328DFB1} = {B92CFC3D-C94D-4FB9-8008-F21AEC2EEE21}
		{EE986F5E-4596-4F18-8D2E-344DF3895452} = {B92CFC3D-C94D-4FB9-8008-F21AEC2EEE21}
		{753F0CCF-14DB-46BB-B5AE-EB8433DD3791} = {B92CFC3D-C94D-4FB9-8008-F21AEC2EEE21}
		{FCF7DA50-482A-4CDB-890F-DF14D14639FD} = {7C705784-C410-4E4A-B6E8-1A8B9EAE62D1}
		{F431BFCF-657F-4A7F-AD99-59E9662E8558} = {7C705784-C410-4E4A-B6E8-1A8B9EAE62D1}
		{08A2DC65-A349-45D0-BC32-46F10CF202FB} = {7C705784-C410-4E4A-B6E8-1A8B9EAE62D1}
		{F3770CAE-7C83-4457-8B82-36E8799CCEF5} = {1A3CFD1E-0FFA-4F98-98FE-4ADF55982441}
		{D77AED4D-2067-421F-9A11-839B97BA0CC6} = {1A3CFD1E-0FFA-4F98-98FE-4ADF55982441}
		{82B09CBF-4806-457D-8385-AE525140D722} = {1A3CFD1E-0FFA-4F98-98FE-4ADF55982441}
		{D353EEA4-A625-48F2-959F-339827167705} = {6152C8CB-EB45-4A56-90AD-90B1F8D09327}
		{A2864964-9AA7-4B23-802D-165D836A5A8A} = {6152C8CB-EB45-4A56-90AD-90B1F8D09327}
		{DEC5AC10-C196-4BD8-999A-A6F532B3C7CF} = {6152C8CB-EB45-4A56-90AD-90B1F8D09327}
		{81838FF6-6F76-44FD-9AF5-445ACAD411DE} = {AAAEA9EC-ED72-4618-AA1A-7B4BF09512D1}
		{8A8ACABC-B63C-4D73-BB7B-13D86D85F419} = {AAAEA9EC-ED72-4618-AA1A-7B4BF09512D1}
		{AF569F7A-CE4D-46F3-8C70-C504CEDC4027} = {AAAEA9EC-ED72-4618-AA1A-7B4BF09512D1}
		{980BBB69-B76C-43C4-8B06-55C0952B8D9F} = {2F95E08E-7E79-4EFA-AB1B-E6E9328933B6}
		{C3286D6C-D156-41E0-9FB0-D84B7C11DA99} = {2F95E08E-7E79-4EFA-AB1B-E6E9328933B6}
		{FD5CFDF8-C8B1-48F7-AA29-690892C3F3A6} = {2F95E08E-7E79-4EFA-AB1B-E6E9328933B6}
	EndGlobalSection
	GlobalSection(ExtensibilityGlobals) = postSolution
		SolutionGuid = {8FFEFA18-9824-422F-8D66-61647A72C30B}
	EndGlobalSection
EndGlobal
